
Microsoft Visual Studio Solution File, Format Version 12.00
# Visual Studio Version 16
VisualStudioVersion = 16.0.30225.117
MinimumVisualStudioVersion = 10.0.40219.1
Project("{FAE04EC0-301F-11D3-BF4B-00C04F79EFBC}") = "CFGShare", "CFGShare\CFGShare.csproj", "{9989F565-02E3-4807-BA4E-EEBAF100F40B}"
EndProject
Global
	GlobalSection(SolutionConfigurationPlatforms) = preSolution
		Debug|Any CPU = Debug|Any CPU
		Release|Any CPU = Release|Any CPU
	EndGlobalSection
	GlobalSection(ProjectConfigurationPlatforms) = postSolution
		{9989F565-02E3-4807-BA4E-EEBAF100F40B}.Debug|Any CPU.ActiveCfg = Debug|Any CPU
		{9989F565-02E3-4807-BA4E-EEBAF100F40B}.Debug|Any CPU.Build.0 = Debug|Any CPU
		{9989F565-02E3-4807-BA4E-EEBAF100F40B}.Release|Any CPU.ActiveCfg = Release|Any CPU
		{9989F565-02E3-4807-BA4E-EEBAF100F40B}.Release|Any CPU.Build.0 = Release|Any CPU
	EndGlobalSection
	GlobalSection(SolutionProperties) = preSolution
		HideSolutionNode = FALSE
	EndGlobalSection
	GlobalSection(ExtensibilityGlobals) = postSolution
		SolutionGuid = {3A8E47DB-39DF-4CCA-A9C3-DF0AB2E096E4}
	EndGlobalSection
EndGlobal
